
Microsoft Visual Studio Solution File, Format Version 12.00
# Visual Studio Version 17
VisualStudioVersion = 17.9.34728.123
MinimumVisualStudioVersion = 10.0.40219.1
Project("{FAE04EC0-301F-11D3-BF4B-00C04F79EFBC}") = "Exercises", "Exercises\Exercises.csproj", "{455AE0CA-16FA-45AC-8D88-CA9C4E01D5AE}"
EndProject
Project("{FAE04EC0-301F-11D3-BF4B-00C04F79EFBC}") = "Switch", "Switch\Switch.csproj", "{C52E7B76-DEA4-4960-9CA6-0FB27849AC2C}"
EndProject
Project("{FAE04EC0-301F-11D3-BF4B-00C04F79EFBC}") = "For", "For\For.csproj", "{52AE52DE-E6A9-43A9-854A-4AD6D8930F84}"
EndProject
Project("{FAE04EC0-301F-11D3-BF4B-00C04F79EFBC}") = "While", "While\While.csproj", "{1E6FE2B2-C437-4640-B630-A6CAD98105D4}"
EndProject
Project("{FAE04EC0-301F-11D3-BF4B-00C04F79EFBC}") = "Conditional Operator", "Conditional Operator\Conditional Operator.csproj", "{3EE8259B-68EB-4DB7-B04C-364DDBF7BE35}"
EndProject
Project("{FAE04EC0-301F-11D3-BF4B-00C04F79EFBC}") = "Numeric Formatting", "Numeric Formatting\Numeric Formatting.csproj", "{3E352315-DD36-490C-9EF5-C4A7D5CF6A8E}"
EndProject
Project("{FAE04EC0-301F-11D3-BF4B-00C04F79EFBC}") = "TryParse", "TryParse\TryParse.csproj", "{7CAC9E08-62A9-40D3-9DBC-21923EF16A8C}"
EndProject
Project("{FAE04EC0-301F-11D3-BF4B-00C04F79EFBC}") = "ExerciseTimesTable", "ExerciseTimesTable\ExerciseTimesTable.csproj", "{6218A1AE-F0B7-4875-9776-B4591F411E96}"
EndProject
Project("{FAE04EC0-301F-11D3-BF4B-00C04F79EFBC}") = "FizzBuzz", "FizzBuzz\FizzBuzz.csproj", "{14A85CCE-5772-43D0-92AC-349B0DA7ABB9}"
EndProject
Project("{FAE04EC0-301F-11D3-BF4B-00C04F79EFBC}") = "Verbatim String", "Verbatim String\Verbatim String.csproj", "{9CB8AF32-115E-4938-A4FA-F1FE571533B6}"
EndProject
Project("{FAE04EC0-301F-11D3-BF4B-00C04F79EFBC}") = "StringFormatting", "StringFormatting\StringFormatting.csproj", "{F5156E34-E598-49C8-B743-14E41829995F}"
EndProject
Project("{FAE04EC0-301F-11D3-BF4B-00C04F79EFBC}") = "StringInterpolation", "StringInterpolation\StringInterpolation.csproj", "{AE826C19-3CE7-4BF3-AE4A-82620EFF7DCA}"
EndProject
Project("{FAE04EC0-301F-11D3-BF4B-00C04F79EFBC}") = "StringConcatenation", "StringConcatenation\StringConcatenation.csproj", "{A5D5E2F3-77E1-4029-BF1D-3B7557C3A663}"
EndProject
Project("{FAE04EC0-301F-11D3-BF4B-00C04F79EFBC}") = "EmptyString", "EmptyString\EmptyString.csproj", "{A39D3211-D4A0-4A16-AB26-BD41334E9E9F}"
EndProject
Project("{FAE04EC0-301F-11D3-BF4B-00C04F79EFBC}") = "StringEqualsFunction", "StringEqualsFunction\StringEqualsFunction.csproj", "{73617693-E1DC-4F5F-BFF5-C94CAA466C32}"
EndProject
Project("{FAE04EC0-301F-11D3-BF4B-00C04F79EFBC}") = "StringIteration", "StringInteration\StringIteration.csproj", "{D80F2A2C-9AEE-465B-851A-8F699EDA51C2}"
EndProject
Project("{FAE04EC0-301F-11D3-BF4B-00C04F79EFBC}") = "StringIsNullOrEmptyFunction", "StringIsNullOrEmptyFunction\StringIsNullOrEmptyFunction.csproj", "{2CB6FB90-9473-4BEE-A2FF-83E95A8FF407}"
EndProject
Project("{FAE04EC0-301F-11D3-BF4B-00C04F79EFBC}") = "ExercisePrintStringInReverse", "ExercisePrintStringInReverse\ExercisePrintStringInReverse.csproj", "{8780F821-976A-43D4-8BF9-1EB974909A3B}"
EndProject
Global
	GlobalSection(SolutionConfigurationPlatforms) = preSolution
		Debug|Any CPU = Debug|Any CPU
		Release|Any CPU = Release|Any CPU
	EndGlobalSection
	GlobalSection(ProjectConfigurationPlatforms) = postSolution
		{455AE0CA-16FA-45AC-8D88-CA9C4E01D5AE}.Debug|Any CPU.ActiveCfg = Debug|Any CPU
		{455AE0CA-16FA-45AC-8D88-CA9C4E01D5AE}.Debug|Any CPU.Build.0 = Debug|Any CPU
		{455AE0CA-16FA-45AC-8D88-CA9C4E01D5AE}.Release|Any CPU.ActiveCfg = Release|Any CPU
		{455AE0CA-16FA-45AC-8D88-CA9C4E01D5AE}.Release|Any CPU.Build.0 = Release|Any CPU
		{C52E7B76-DEA4-4960-9CA6-0FB27849AC2C}.Debug|Any CPU.ActiveCfg = Debug|Any CPU
		{C52E7B76-DEA4-4960-9CA6-0FB27849AC2C}.Debug|Any CPU.Build.0 = Debug|Any CPU
		{C52E7B76-DEA4-4960-9CA6-0FB27849AC2C}.Release|Any CPU.ActiveCfg = Release|Any CPU
		{C52E7B76-DEA4-4960-9CA6-0FB27849AC2C}.Release|Any CPU.Build.0 = Release|Any CPU
		{52AE52DE-E6A9-43A9-854A-4AD6D8930F84}.Debug|Any CPU.ActiveCfg = Debug|Any CPU
		{52AE52DE-E6A9-43A9-854A-4AD6D8930F84}.Debug|Any CPU.Build.0 = Debug|Any CPU
		{52AE52DE-E6A9-43A9-854A-4AD6D8930F84}.Release|Any CPU.ActiveCfg = Release|Any CPU
		{52AE52DE-E6A9-43A9-854A-4AD6D8930F84}.Release|Any CPU.Build.0 = Release|Any CPU
		{1E6FE2B2-C437-4640-B630-A6CAD98105D4}.Debug|Any CPU.ActiveCfg = Debug|Any CPU
		{1E6FE2B2-C437-4640-B630-A6CAD98105D4}.Debug|Any CPU.Build.0 = Debug|Any CPU
		{1E6FE2B2-C437-4640-B630-A6CAD98105D4}.Release|Any CPU.ActiveCfg = Release|Any CPU
		{1E6FE2B2-C437-4640-B630-A6CAD98105D4}.Release|Any CPU.Build.0 = Release|Any CPU
		{3EE8259B-68EB-4DB7-B04C-364DDBF7BE35}.Debug|Any CPU.ActiveCfg = Debug|Any CPU
		{3EE8259B-68EB-4DB7-B04C-364DDBF7BE35}.Debug|Any CPU.Build.0 = Debug|Any CPU
		{3EE8259B-68EB-4DB7-B04C-364DDBF7BE35}.Release|Any CPU.ActiveCfg = Release|Any CPU
		{3EE8259B-68EB-4DB7-B04C-364DDBF7BE35}.Release|Any CPU.Build.0 = Release|Any CPU
		{3E352315-DD36-490C-9EF5-C4A7D5CF6A8E}.Debug|Any CPU.ActiveCfg = Debug|Any CPU
		{3E352315-DD36-490C-9EF5-C4A7D5CF6A8E}.Debug|Any CPU.Build.0 = Debug|Any CPU
		{3E352315-DD36-490C-9EF5-C4A7D5CF6A8E}.Release|Any CPU.ActiveCfg = Release|Any CPU
		{3E352315-DD36-490C-9EF5-C4A7D5CF6A8E}.Release|Any CPU.Build.0 = Release|Any CPU
		{7CAC9E08-62A9-40D3-9DBC-21923EF16A8C}.Debug|Any CPU.ActiveCfg = Debug|Any CPU
		{7CAC9E08-62A9-40D3-9DBC-21923EF16A8C}.Debug|Any CPU.Build.0 = Debug|Any CPU
		{7CAC9E08-62A9-40D3-9DBC-21923EF16A8C}.Release|Any CPU.ActiveCfg = Release|Any CPU
		{7CAC9E08-62A9-40D3-9DBC-21923EF16A8C}.Release|Any CPU.Build.0 = Release|Any CPU
		{6218A1AE-F0B7-4875-9776-B4591F411E96}.Debug|Any CPU.ActiveCfg = Debug|Any CPU
		{6218A1AE-F0B7-4875-9776-B4591F411E96}.Debug|Any CPU.Build.0 = Debug|Any CPU
		{6218A1AE-F0B7-4875-9776-B4591F411E96}.Release|Any CPU.ActiveCfg = Release|Any CPU
		{6218A1AE-F0B7-4875-9776-B4591F411E96}.Release|Any CPU.Build.0 = Release|Any CPU
		{14A85CCE-5772-43D0-92AC-349B0DA7ABB9}.Debug|Any CPU.ActiveCfg = Debug|Any CPU
		{14A85CCE-5772-43D0-92AC-349B0DA7ABB9}.Debug|Any CPU.Build.0 = Debug|Any CPU
		{14A85CCE-5772-43D0-92AC-349B0DA7ABB9}.Release|Any CPU.ActiveCfg = Release|Any CPU
		{14A85CCE-5772-43D0-92AC-349B0DA7ABB9}.Release|Any CPU.Build.0 = Release|Any CPU
		{9CB8AF32-115E-4938-A4FA-F1FE571533B6}.Debug|Any CPU.ActiveCfg = Debug|Any CPU
		{9CB8AF32-115E-4938-A4FA-F1FE571533B6}.Debug|Any CPU.Build.0 = Debug|Any CPU
		{9CB8AF32-115E-4938-A4FA-F1FE571533B6}.Release|Any CPU.ActiveCfg = Release|Any CPU
		{9CB8AF32-115E-4938-A4FA-F1FE571533B6}.Release|Any CPU.Build.0 = Release|Any CPU
		{F5156E34-E598-49C8-B743-14E41829995F}.Debug|Any CPU.ActiveCfg = Debug|Any CPU
		{F5156E34-E598-49C8-B743-14E41829995F}.Debug|Any CPU.Build.0 = Debug|Any CPU
		{F5156E34-E598-49C8-B743-14E41829995F}.Release|Any CPU.ActiveCfg = Release|Any CPU
		{F5156E34-E598-49C8-B743-14E41829995F}.Release|Any CPU.Build.0 = Release|Any CPU
		{AE826C19-3CE7-4BF3-AE4A-82620EFF7DCA}.Debug|Any CPU.ActiveCfg = Debug|Any CPU
		{AE826C19-3CE7-4BF3-AE4A-82620EFF7DCA}.Debug|Any CPU.Build.0 = Debug|Any CPU
		{AE826C19-3CE7-4BF3-AE4A-82620EFF7DCA}.Release|Any CPU.ActiveCfg = Release|Any CPU
		{AE826C19-3CE7-4BF3-AE4A-82620EFF7DCA}.Release|Any CPU.Build.0 = Release|Any CPU
		{A5D5E2F3-77E1-4029-BF1D-3B7557C3A663}.Debug|Any CPU.ActiveCfg = Debug|Any CPU
		{A5D5E2F3-77E1-4029-BF1D-3B7557C3A663}.Debug|Any CPU.Build.0 = Debug|Any CPU
		{A5D5E2F3-77E1-4029-BF1D-3B7557C3A663}.Release|Any CPU.ActiveCfg = Release|Any CPU
		{A5D5E2F3-77E1-4029-BF1D-3B7557C3A663}.Release|Any CPU.Build.0 = Release|Any CPU
		{A39D3211-D4A0-4A16-AB26-BD41334E9E9F}.Debug|Any CPU.ActiveCfg = Debug|Any CPU
		{A39D3211-D4A0-4A16-AB26-BD41334E9E9F}.Debug|Any CPU.Build.0 = Debug|Any CPU
		{A39D3211-D4A0-4A16-AB26-BD41334E9E9F}.Release|Any CPU.ActiveCfg = Release|Any CPU
		{A39D3211-D4A0-4A16-AB26-BD41334E9E9F}.Release|Any CPU.Build.0 = Release|Any CPU
		{73617693-E1DC-4F5F-BFF5-C94CAA466C32}.Debug|Any CPU.ActiveCfg = Debug|Any CPU
		{73617693-E1DC-4F5F-BFF5-C94CAA466C32}.Debug|Any CPU.Build.0 = Debug|Any CPU
		{73617693-E1DC-4F5F-BFF5-C94CAA466C32}.Release|Any CPU.ActiveCfg = Release|Any CPU
		{73617693-E1DC-4F5F-BFF5-C94CAA466C32}.Release|Any CPU.Build.0 = Release|Any CPU
		{D80F2A2C-9AEE-465B-851A-8F699EDA51C2}.Debug|Any CPU.ActiveCfg = Debug|Any CPU
		{D80F2A2C-9AEE-465B-851A-8F699EDA51C2}.Debug|Any CPU.Build.0 = Debug|Any CPU
		{D80F2A2C-9AEE-465B-851A-8F699EDA51C2}.Release|Any CPU.ActiveCfg = Release|Any CPU
		{D80F2A2C-9AEE-465B-851A-8F699EDA51C2}.Release|Any CPU.Build.0 = Release|Any CPU
		{2CB6FB90-9473-4BEE-A2FF-83E95A8FF407}.Debug|Any CPU.ActiveCfg = Debug|Any CPU
		{2CB6FB90-9473-4BEE-A2FF-83E95A8FF407}.Debug|Any CPU.Build.0 = Debug|Any CPU
		{2CB6FB90-9473-4BEE-A2FF-83E95A8FF407}.Release|Any CPU.ActiveCfg = Release|Any CPU
		{2CB6FB90-9473-4BEE-A2FF-83E95A8FF407}.Release|Any CPU.Build.0 = Release|Any CPU
		{8780F821-976A-43D4-8BF9-1EB974909A3B}.Debug|Any CPU.ActiveCfg = Debug|Any CPU
		{8780F821-976A-43D4-8BF9-1EB974909A3B}.Debug|Any CPU.Build.0 = Debug|Any CPU
		{8780F821-976A-43D4-8BF9-1EB974909A3B}.Release|Any CPU.ActiveCfg = Release|Any CPU
		{8780F821-976A-43D4-8BF9-1EB974909A3B}.Release|Any CPU.Build.0 = Release|Any CPU
	EndGlobalSection
	GlobalSection(SolutionProperties) = preSolution
		HideSolutionNode = FALSE
	EndGlobalSection
	GlobalSection(ExtensibilityGlobals) = postSolution
		SolutionGuid = {A0E9C0BC-CF4A-4123-82AD-D2E9C975B8EF}
	EndGlobalSection
EndGlobal
