
Microsoft Visual Studio Solution File, Format Version 12.00
# Visual Studio Version 17
VisualStudioVersion = 17.9.34728.123
MinimumVisualStudioVersion = 10.0.40219.1
Project("{FAE04EC0-301F-11D3-BF4B-00C04F79EFBC}") = "Exercises", "Exercises\Exercises.csproj", "{455AE0CA-16FA-45AC-8D88-CA9C4E01D5AE}"
EndProject
Project("{FAE04EC0-301F-11D3-BF4B-00C04F79EFBC}") = "Switch", "Switch\Switch.csproj", "{C52E7B76-DEA4-4960-9CA6-0FB27849AC2C}"
EndProject
Project("{FAE04EC0-301F-11D3-BF4B-00C04F79EFBC}") = "For", "For\For.csproj", "{52AE52DE-E6A9-43A9-854A-4AD6D8930F84}"
EndProject
Project("{FAE04EC0-301F-11D3-BF4B-00C04F79EFBC}") = "While", "While\While.csproj", "{1E6FE2B2-C437-4640-B630-A6CAD98105D4}"
EndProject
Global
	GlobalSection(SolutionConfigurationPlatforms) = preSolution
		Debug|Any CPU = Debug|Any CPU
		Release|Any CPU = Release|Any CPU
	EndGlobalSection
	GlobalSection(ProjectConfigurationPlatforms) = postSolution
		{455AE0CA-16FA-45AC-8D88-CA9C4E01D5AE}.Debug|Any CPU.ActiveCfg = Debug|Any CPU
		{455AE0CA-16FA-45AC-8D88-CA9C4E01D5AE}.Debug|Any CPU.Build.0 = Debug|Any CPU
		{455AE0CA-16FA-45AC-8D88-CA9C4E01D5AE}.Release|Any CPU.ActiveCfg = Release|Any CPU
		{455AE0CA-16FA-45AC-8D88-CA9C4E01D5AE}.Release|Any CPU.Build.0 = Release|Any CPU
		{C52E7B76-DEA4-4960-9CA6-0FB27849AC2C}.Debug|Any CPU.ActiveCfg = Debug|Any CPU
		{C52E7B76-DEA4-4960-9CA6-0FB27849AC2C}.Debug|Any CPU.Build.0 = Debug|Any CPU
		{C52E7B76-DEA4-4960-9CA6-0FB27849AC2C}.Release|Any CPU.ActiveCfg = Release|Any CPU
		{C52E7B76-DEA4-4960-9CA6-0FB27849AC2C}.Release|Any CPU.Build.0 = Release|Any CPU
		{52AE52DE-E6A9-43A9-854A-4AD6D8930F84}.Debug|Any CPU.ActiveCfg = Debug|Any CPU
		{52AE52DE-E6A9-43A9-854A-4AD6D8930F84}.Debug|Any CPU.Build.0 = Debug|Any CPU
		{52AE52DE-E6A9-43A9-854A-4AD6D8930F84}.Release|Any CPU.ActiveCfg = Release|Any CPU
		{52AE52DE-E6A9-43A9-854A-4AD6D8930F84}.Release|Any CPU.Build.0 = Release|Any CPU
		{1E6FE2B2-C437-4640-B630-A6CAD98105D4}.Debug|Any CPU.ActiveCfg = Debug|Any CPU
		{1E6FE2B2-C437-4640-B630-A6CAD98105D4}.Debug|Any CPU.Build.0 = Debug|Any CPU
		{1E6FE2B2-C437-4640-B630-A6CAD98105D4}.Release|Any CPU.ActiveCfg = Release|Any CPU
		{1E6FE2B2-C437-4640-B630-A6CAD98105D4}.Release|Any CPU.Build.0 = Release|Any CPU
	EndGlobalSection
	GlobalSection(SolutionProperties) = preSolution
		HideSolutionNode = FALSE
	EndGlobalSection
	GlobalSection(ExtensibilityGlobals) = postSolution
		SolutionGuid = {A0E9C0BC-CF4A-4123-82AD-D2E9C975B8EF}
	EndGlobalSection
EndGlobal
